
Microsoft Visual Studio Solution File, Format Version 11.00
# Visual Studio 2010
Project("{8BC9CEB8-8B4A-11D0-8D11-00A0C91BC942}") = "Player", "Player\Player.vcxproj", "{0253AD65-6899-433C-B179-7124B9866B60}"
EndProject
Global
	GlobalSection(SolutionConfigurationPlatforms) = preSolution
		Debug|Win32 = Debug|Win32
		Release|Win32 = Release|Win32
	EndGlobalSection
	GlobalSection(ProjectConfigurationPlatforms) = postSolution
		{0253AD65-6899-433C-B179-7124B9866B60}.Debug|Win32.ActiveCfg = Debug|Win32
		{0253AD65-6899-433C-B179-7124B9866B60}.Debug|Win32.Build.0 = Debug|Win32
		{0253AD65-6899-433C-B179-7124B9866B60}.Release|Win32.ActiveCfg = Release|Win32
		{0253AD65-6899-433C-B179-7124B9866B60}.Release|Win32.Build.0 = Release|Win32
	EndGlobalSection
	GlobalSection(SolutionProperties) = preSolution
		HideSolutionNode = FALSE
	EndGlobalSection
EndGlobal
